{
  "name": "boolcoin-frontend",
  "lockfileVersion": 3,
  "requires": true,
  "packages": {
    "": {
      "dependencies": {
        "nativescript-vibrate": "^4.0.1"
      }
    },
    "node_modules/nativescript-vibrate": {
      "version": "4.0.1",
      "resolved": "https://registry.npmjs.org/nativescript-vibrate/-/nativescript-vibrate-4.0.1.tgz",
      "integrity": "sha512-T9VspAu+pgYM/AWLradA4HPv/tdfx8jrhIOD02PZs09KhJyjQE3BoubnHcmg0neeQAhgxHiuXGdit8QOAyKaBA==",
      "license": "MIT"
    }
  }
}
